// !$*UTF8*$!
{
	archiveVersion = 1;
	classes = {
	};
	objectVersion = 51;
	objects = {

/* Begin PBXBuildFile section */
		380548E02697170D0051399A /* Header.swift in Sources */ = {isa = PBXBuildFile; fileRef = 380548DF2697170D0051399A /* Header.swift */; };
		380548E2269717330051399A /* httpClient.swift in Sources */ = {isa = PBXBuildFile; fileRef = 380548E1269717330051399A /* httpClient.swift */; };
		38363029269EEEBA00C17C01 /* CommentAPI.swift in Sources */ = {isa = PBXBuildFile; fileRef = 38363028269EEEBA00C17C01 /* CommentAPI.swift */; };
		3836302B269EF09400C17C01 /* ListAPI.swift in Sources */ = {isa = PBXBuildFile; fileRef = 3836302A269EF09400C17C01 /* ListAPI.swift */; };
		38363032269EFB7D00C17C01 /* SignInModel.swift in Sources */ = {isa = PBXBuildFile; fileRef = 38363031269EFB7D00C17C01 /* SignInModel.swift */; };
		3859AFEA269AFD8100CB6A71 /* NanumGothicBold.otf in Resources */ = {isa = PBXBuildFile; fileRef = 3859AFE9269AFD8100CB6A71 /* NanumGothicBold.otf */; };
		3859AFEC269B245B00CB6A71 /* SignupViewController.swift in Sources */ = {isa = PBXBuildFile; fileRef = 3859AFEB269B245B00CB6A71 /* SignupViewController.swift */; };
		387C09EA269FF6220061606D /* CommentListModel.swift in Sources */ = {isa = PBXBuildFile; fileRef = 387C09E9269FF6220061606D /* CommentListModel.swift */; };
		387C09EC269FF6430061606D /* CommentResonse.swift in Sources */ = {isa = PBXBuildFile; fileRef = 387C09EB269FF6430061606D /* CommentResonse.swift */; };
		387C09F126A020960061606D /* CommentTableViewCell.swift in Sources */ = {isa = PBXBuildFile; fileRef = 387C09EF26A020960061606D /* CommentTableViewCell.swift */; };
		387C09F226A020960061606D /* CommentTableViewCell.xib in Resources */ = {isa = PBXBuildFile; fileRef = 387C09F026A020960061606D /* CommentTableViewCell.xib */; };
		387C09F526A2EEB70061606D /* CommunityList.swift in Sources */ = {isa = PBXBuildFile; fileRef = 387C09F426A2EEB70061606D /* CommunityList.swift */; };
		38ABD1AA26971034004648B6 /* AppDelegate.swift in Sources */ = {isa = PBXBuildFile; fileRef = 38ABD1A926971034004648B6 /* AppDelegate.swift */; };
		38ABD1AC26971034004648B6 /* SceneDelegate.swift in Sources */ = {isa = PBXBuildFile; fileRef = 38ABD1AB26971034004648B6 /* SceneDelegate.swift */; };
		38ABD1B126971034004648B6 /* Main.storyboard in Resources */ = {isa = PBXBuildFile; fileRef = 38ABD1AF26971034004648B6 /* Main.storyboard */; };
		38ABD1B326971037004648B6 /* Assets.xcassets in Resources */ = {isa = PBXBuildFile; fileRef = 38ABD1B226971037004648B6 /* Assets.xcassets */; };
		38ABD1B626971037004648B6 /* LaunchScreen.storyboard in Resources */ = {isa = PBXBuildFile; fileRef = 38ABD1B426971037004648B6 /* LaunchScreen.storyboard */; };
		38C7FC51269D9819002B8AE7 /* TableViewCell.swift in Sources */ = {isa = PBXBuildFile; fileRef = 38C7FC4F269D9819002B8AE7 /* TableViewCell.swift */; };
		38C7FC52269D9819002B8AE7 /* TableViewCell.xib in Resources */ = {isa = PBXBuildFile; fileRef = 38C7FC50269D9819002B8AE7 /* TableViewCell.xib */; };
		38C7FC56269D9D8B002B8AE7 /* AddViewController.swift in Sources */ = {isa = PBXBuildFile; fileRef = 38C7FC55269D9D8B002B8AE7 /* AddViewController.swift */; };
		38C7FC58269D9DA8002B8AE7 /* CommentViewController.swift in Sources */ = {isa = PBXBuildFile; fileRef = 38C7FC57269D9DA8002B8AE7 /* CommentViewController.swift */; };
		38C7FC5A269D9F49002B8AE7 /* AuthAPI.swift in Sources */ = {isa = PBXBuildFile; fileRef = 38C7FC59269D9F49002B8AE7 /* AuthAPI.swift */; };
		38C7FC5C269D9FA6002B8AE7 /* APIProvider.swift in Sources */ = {isa = PBXBuildFile; fileRef = 38C7FC5B269D9FA6002B8AE7 /* APIProvider.swift */; };
		38C7FC5E269E7D1A002B8AE7 /* CommunityListViewController.swift in Sources */ = {isa = PBXBuildFile; fileRef = 38C7FC5D269E7D1A002B8AE7 /* CommunityListViewController.swift */; };
		38D1E22D2699F547004728A3 /* LoginViewController.swift in Sources */ = {isa = PBXBuildFile; fileRef = 38D1E22C2699F547004728A3 /* LoginViewController.swift */; };
		38F218CE26A846F200D03DA4 /* ViewControllerExtenstion.swift in Sources */ = {isa = PBXBuildFile; fileRef = 38F218CD26A846F200D03DA4 /* ViewControllerExtenstion.swift */; };
		38F218D026AAE87500D03DA4 /* CommunityResponse.swift in Sources */ = {isa = PBXBuildFile; fileRef = 38F218CF26AAE87500D03DA4 /* CommunityResponse.swift */; };
		B913A620EB61848C061BE692 /* Pods_Muleobolram.framework in Frameworks */ = {isa = PBXBuildFile; fileRef = 5ED2D7C5E706CE0D6E7B4080 /* Pods_Muleobolram.framework */; };
/* End PBXBuildFile section */

/* Begin PBXFileReference section */
		380548DF2697170D0051399A /* Header.swift */ = {isa = PBXFileReference; lastKnownFileType = sourcecode.swift; path = Header.swift; sourceTree = "<group>"; };
		380548E1269717330051399A /* httpClient.swift */ = {isa = PBXFileReference; lastKnownFileType = sourcecode.swift; path = httpClient.swift; sourceTree = "<group>"; };
		38363028269EEEBA00C17C01 /* CommentAPI.swift */ = {isa = PBXFileReference; lastKnownFileType = sourcecode.swift; path = CommentAPI.swift; sourceTree = "<group>"; };
		3836302A269EF09400C17C01 /* ListAPI.swift */ = {isa = PBXFileReference; lastKnownFileType = sourcecode.swift; path = ListAPI.swift; sourceTree = "<group>"; };
		38363031269EFB7D00C17C01 /* SignInModel.swift */ = {isa = PBXFileReference; lastKnownFileType = sourcecode.swift; path = SignInModel.swift; sourceTree = "<group>"; };
		3859AFE9269AFD8100CB6A71 /* NanumGothicBold.otf */ = {isa = PBXFileReference; lastKnownFileType = file; name = NanumGothicBold.otf; path = "../../../../../Downloads/나눔고딕/NanumGothicBold.otf"; sourceTree = "<group>"; };
		3859AFEB269B245B00CB6A71 /* SignupViewController.swift */ = {isa = PBXFileReference; lastKnownFileType = sourcecode.swift; path = SignupViewController.swift; sourceTree = "<group>"; };
		387C09E9269FF6220061606D /* CommentListModel.swift */ = {isa = PBXFileReference; lastKnownFileType = sourcecode.swift; path = CommentListModel.swift; sourceTree = "<group>"; };
		387C09EB269FF6430061606D /* CommentResonse.swift */ = {isa = PBXFileReference; lastKnownFileType = sourcecode.swift; path = CommentResonse.swift; sourceTree = "<group>"; };
		387C09EF26A020960061606D /* CommentTableViewCell.swift */ = {isa = PBXFileReference; lastKnownFileType = sourcecode.swift; path = CommentTableViewCell.swift; sourceTree = "<group>"; };
		387C09F026A020960061606D /* CommentTableViewCell.xib */ = {isa = PBXFileReference; lastKnownFileType = file.xib; path = CommentTableViewCell.xib; sourceTree = "<group>"; };
		387C09F426A2EEB70061606D /* CommunityList.swift */ = {isa = PBXFileReference; lastKnownFileType = sourcecode.swift; path = CommunityList.swift; sourceTree = "<group>"; };
		38ABD1A626971034004648B6 /* Muleobolram.app */ = {isa = PBXFileReference; explicitFileType = wrapper.application; includeInIndex = 0; path = Muleobolram.app; sourceTree = BUILT_PRODUCTS_DIR; };
		38ABD1A926971034004648B6 /* AppDelegate.swift */ = {isa = PBXFileReference; lastKnownFileType = sourcecode.swift; path = AppDelegate.swift; sourceTree = "<group>"; };
		38ABD1AB26971034004648B6 /* SceneDelegate.swift */ = {isa = PBXFileReference; lastKnownFileType = sourcecode.swift; path = SceneDelegate.swift; sourceTree = "<group>"; };
		38ABD1B026971034004648B6 /* Base */ = {isa = PBXFileReference; lastKnownFileType = file.storyboard; name = Base; path = Base.lproj/Main.storyboard; sourceTree = "<group>"; };
		38ABD1B226971037004648B6 /* Assets.xcassets */ = {isa = PBXFileReference; lastKnownFileType = folder.assetcatalog; path = Assets.xcassets; sourceTree = "<group>"; };
		38ABD1B526971037004648B6 /* Base */ = {isa = PBXFileReference; lastKnownFileType = file.storyboard; name = Base; path = Base.lproj/LaunchScreen.storyboard; sourceTree = "<group>"; };
		38ABD1B726971037004648B6 /* Info.plist */ = {isa = PBXFileReference; lastKnownFileType = text.plist.xml; path = Info.plist; sourceTree = "<group>"; };
		38C7FC4F269D9819002B8AE7 /* TableViewCell.swift */ = {isa = PBXFileReference; lastKnownFileType = sourcecode.swift; path = TableViewCell.swift; sourceTree = "<group>"; };
		38C7FC50269D9819002B8AE7 /* TableViewCell.xib */ = {isa = PBXFileReference; lastKnownFileType = file.xib; path = TableViewCell.xib; sourceTree = "<group>"; };
		38C7FC55269D9D8B002B8AE7 /* AddViewController.swift */ = {isa = PBXFileReference; lastKnownFileType = sourcecode.swift; path = AddViewController.swift; sourceTree = "<group>"; };
		38C7FC57269D9DA8002B8AE7 /* CommentViewController.swift */ = {isa = PBXFileReference; lastKnownFileType = sourcecode.swift; path = CommentViewController.swift; sourceTree = "<group>"; };
		38C7FC59269D9F49002B8AE7 /* AuthAPI.swift */ = {isa = PBXFileReference; lastKnownFileType = sourcecode.swift; path = AuthAPI.swift; sourceTree = "<group>"; };
		38C7FC5B269D9FA6002B8AE7 /* APIProvider.swift */ = {isa = PBXFileReference; lastKnownFileType = sourcecode.swift; path = APIProvider.swift; sourceTree = "<group>"; };
		38C7FC5D269E7D1A002B8AE7 /* CommunityListViewController.swift */ = {isa = PBXFileReference; lastKnownFileType = sourcecode.swift; path = CommunityListViewController.swift; sourceTree = "<group>"; };
		38D1E22C2699F547004728A3 /* LoginViewController.swift */ = {isa = PBXFileReference; lastKnownFileType = sourcecode.swift; path = LoginViewController.swift; sourceTree = "<group>"; };
		38F218CD26A846F200D03DA4 /* ViewControllerExtenstion.swift */ = {isa = PBXFileReference; lastKnownFileType = sourcecode.swift; path = ViewControllerExtenstion.swift; sourceTree = "<group>"; };
		38F218CF26AAE87500D03DA4 /* CommunityResponse.swift */ = {isa = PBXFileReference; lastKnownFileType = sourcecode.swift; path = CommunityResponse.swift; sourceTree = "<group>"; };
		5ED2D7C5E706CE0D6E7B4080 /* Pods_Muleobolram.framework */ = {isa = PBXFileReference; explicitFileType = wrapper.framework; includeInIndex = 0; path = Pods_Muleobolram.framework; sourceTree = BUILT_PRODUCTS_DIR; };
		C6ABD951F5EAF37179635646 /* Pods-Muleobolram.debug.xcconfig */ = {isa = PBXFileReference; includeInIndex = 1; lastKnownFileType = text.xcconfig; name = "Pods-Muleobolram.debug.xcconfig"; path = "Target Support Files/Pods-Muleobolram/Pods-Muleobolram.debug.xcconfig"; sourceTree = "<group>"; };
		CF8F1A39A9D42D75A7BECF52 /* Pods-Muleobolram.release.xcconfig */ = {isa = PBXFileReference; includeInIndex = 1; lastKnownFileType = text.xcconfig; name = "Pods-Muleobolram.release.xcconfig"; path = "Target Support Files/Pods-Muleobolram/Pods-Muleobolram.release.xcconfig"; sourceTree = "<group>"; };
/* End PBXFileReference section */

/* Begin PBXFrameworksBuildPhase section */
		38ABD1A326971034004648B6 /* Frameworks */ = {
			isa = PBXFrameworksBuildPhase;
			buildActionMask = 2147483647;
			files = (
				B913A620EB61848C061BE692 /* Pods_Muleobolram.framework in Frameworks */,
			);
			runOnlyForDeploymentPostprocessing = 0;
		};
/* End PBXFrameworksBuildPhase section */

/* Begin PBXGroup section */
		33BBB76D8BD0EDAE204363FE /* Frameworks */ = {
			isa = PBXGroup;
			children = (
				5ED2D7C5E706CE0D6E7B4080 /* Pods_Muleobolram.framework */,
			);
			name = Frameworks;
			sourceTree = "<group>";
		};
		380548D9269715F60051399A /* Networking */ = {
			isa = PBXGroup;
			children = (
				380548DE2697167D0051399A /* Header */,
				380548DD269716710051399A /* HTTP */,
				380548DC269716690051399A /* API */,
			);
			path = Networking;
			sourceTree = "<group>";
		};
		380548DA269716100051399A /* ViewController */ = {
			isa = PBXGroup;
			children = (
				38D1E22C2699F547004728A3 /* LoginViewController.swift */,
				3859AFEB269B245B00CB6A71 /* SignupViewController.swift */,
				38C7FC55269D9D8B002B8AE7 /* AddViewController.swift */,
				38C7FC57269D9DA8002B8AE7 /* CommentViewController.swift */,
				38C7FC5D269E7D1A002B8AE7 /* CommunityListViewController.swift */,
			);
			path = ViewController;
			sourceTree = "<group>";
		};
		380548DB2697162D0051399A /* UI */ = {
			isa = PBXGroup;
			children = (
				38ABD1AF26971034004648B6 /* Main.storyboard */,
			);
			path = UI;
			sourceTree = "<group>";
		};
		380548DC269716690051399A /* API */ = {
			isa = PBXGroup;
			children = (
				38C7FC5B269D9FA6002B8AE7 /* APIProvider.swift */,
				38C7FC59269D9F49002B8AE7 /* AuthAPI.swift */,
				38363028269EEEBA00C17C01 /* CommentAPI.swift */,
				3836302A269EF09400C17C01 /* ListAPI.swift */,
			);
			path = API;
			sourceTree = "<group>";
		};
		380548DD269716710051399A /* HTTP */ = {
			isa = PBXGroup;
			children = (
				380548E1269717330051399A /* httpClient.swift */,
			);
			path = HTTP;
			sourceTree = "<group>";
		};
		380548DE2697167D0051399A /* Header */ = {
			isa = PBXGroup;
			children = (
				380548DF2697170D0051399A /* Header.swift */,
			);
			path = Header;
			sourceTree = "<group>";
		};
		3836302C269EF41600C17C01 /* Model */ = {
			isa = PBXGroup;
			children = (
				387C09F326A2EEA10061606D /* Commnuity */,
				387C09E8269FF6060061606D /* Comment */,
				38363030269EFB6700C17C01 /* Auth */,
			);
			path = Model;
			sourceTree = "<group>";
		};
		3836302D269EF74200C17C01 /* Cell */ = {
			isa = PBXGroup;
			children = (
				38C7FC50269D9819002B8AE7 /* TableViewCell.xib */,
				38C7FC4F269D9819002B8AE7 /* TableViewCell.swift */,
				387C09EF26A020960061606D /* CommentTableViewCell.swift */,
				387C09F026A020960061606D /* CommentTableViewCell.xib */,
			);
			path = Cell;
			sourceTree = "<group>";
		};
		38363030269EFB6700C17C01 /* Auth */ = {
			isa = PBXGroup;
			children = (
				38363031269EFB7D00C17C01 /* SignInModel.swift */,
			);
			path = Auth;
			sourceTree = "<group>";
		};
		387C09E8269FF6060061606D /* Comment */ = {
			isa = PBXGroup;
			children = (
				387C09E9269FF6220061606D /* CommentListModel.swift */,
				387C09EB269FF6430061606D /* CommentResonse.swift */,
			);
			path = Comment;
			sourceTree = "<group>";
		};
		387C09F326A2EEA10061606D /* Commnuity */ = {
			isa = PBXGroup;
			children = (
				387C09F426A2EEB70061606D /* CommunityList.swift */,
				38F218CF26AAE87500D03DA4 /* CommunityResponse.swift */,
			);
			path = Commnuity;
			sourceTree = "<group>";
		};
		38ABD19D26971034004648B6 = {
			isa = PBXGroup;
			children = (
				38ABD1A826971034004648B6 /* Muleobolram */,
				38ABD1A726971034004648B6 /* Products */,
				4402E12A01FDDF2D9DA2453A /* Pods */,
				33BBB76D8BD0EDAE204363FE /* Frameworks */,
			);
			sourceTree = "<group>";
		};
		38ABD1A726971034004648B6 /* Products */ = {
			isa = PBXGroup;
			children = (
				38ABD1A626971034004648B6 /* Muleobolram.app */,
			);
			name = Products;
			sourceTree = "<group>";
		};
		38ABD1A826971034004648B6 /* Muleobolram */ = {
			isa = PBXGroup;
			children = (
				38F218CC26A846AD00D03DA4 /* Extenstion */,
				3836302C269EF41600C17C01 /* Model */,
				380548DA269716100051399A /* ViewController */,
				3836302D269EF74200C17C01 /* Cell */,
				380548DB2697162D0051399A /* UI */,
				380548D9269715F60051399A /* Networking */,
				38ABD1A926971034004648B6 /* AppDelegate.swift */,
				38ABD1AB26971034004648B6 /* SceneDelegate.swift */,
				38ABD1B226971037004648B6 /* Assets.xcassets */,
				38ABD1B426971037004648B6 /* LaunchScreen.storyboard */,
				3859AFE9269AFD8100CB6A71 /* NanumGothicBold.otf */,
				38ABD1B726971037004648B6 /* Info.plist */,
			);
			path = Muleobolram;
			sourceTree = "<group>";
		};
		38F218CC26A846AD00D03DA4 /* Extenstion */ = {
			isa = PBXGroup;
			children = (
				38F218CD26A846F200D03DA4 /* ViewControllerExtenstion.swift */,
			);
			path = Extenstion;
			sourceTree = "<group>";
		};
		4402E12A01FDDF2D9DA2453A /* Pods */ = {
			isa = PBXGroup;
			children = (
				C6ABD951F5EAF37179635646 /* Pods-Muleobolram.debug.xcconfig */,
				CF8F1A39A9D42D75A7BECF52 /* Pods-Muleobolram.release.xcconfig */,
			);
			path = Pods;
			sourceTree = "<group>";
		};
/* End PBXGroup section */

/* Begin PBXNativeTarget section */
		38ABD1A526971034004648B6 /* Muleobolram */ = {
			isa = PBXNativeTarget;
			buildConfigurationList = 38ABD1BA26971037004648B6 /* Build configuration list for PBXNativeTarget "Muleobolram" */;
			buildPhases = (
				BDD381A14B4DDA2E60BC658C /* [CP] Check Pods Manifest.lock */,
				38ABD1A226971034004648B6 /* Sources */,
				38ABD1A326971034004648B6 /* Frameworks */,
				38ABD1A426971034004648B6 /* Resources */,
				E571A040A7548C6FB6F55374 /* [CP] Embed Pods Frameworks */,
			);
			buildRules = (
			);
			dependencies = (
			);
			name = Muleobolram;
			productName = Muleobolram;
			productReference = 38ABD1A626971034004648B6 /* Muleobolram.app */;
			productType = "com.apple.product-type.application";
		};
/* End PBXNativeTarget section */

/* Begin PBXProject section */
		38ABD19E26971034004648B6 /* Project object */ = {
			isa = PBXProject;
			attributes = {
				LastSwiftUpdateCheck = 1250;
				LastUpgradeCheck = 1250;
				TargetAttributes = {
					38ABD1A526971034004648B6 = {
						CreatedOnToolsVersion = 12.5.1;
					};
				};
			};
			buildConfigurationList = 38ABD1A126971034004648B6 /* Build configuration list for PBXProject "Muleobolram" */;
			compatibilityVersion = "Xcode 9.3";
			developmentRegion = en;
			hasScannedForEncodings = 0;
			knownRegions = (
				en,
				Base,
			);
			mainGroup = 38ABD19D26971034004648B6;
			productRefGroup = 38ABD1A726971034004648B6 /* Products */;
			projectDirPath = "";
			projectRoot = "";
			targets = (
				38ABD1A526971034004648B6 /* Muleobolram */,
			);
		};
/* End PBXProject section */

/* Begin PBXResourcesBuildPhase section */
		38ABD1A426971034004648B6 /* Resources */ = {
			isa = PBXResourcesBuildPhase;
			buildActionMask = 2147483647;
			files = (
				3859AFEA269AFD8100CB6A71 /* NanumGothicBold.otf in Resources */,
				387C09F226A020960061606D /* CommentTableViewCell.xib in Resources */,
				38C7FC52269D9819002B8AE7 /* TableViewCell.xib in Resources */,
				38ABD1B626971037004648B6 /* LaunchScreen.storyboard in Resources */,
				38ABD1B326971037004648B6 /* Assets.xcassets in Resources */,
				38ABD1B126971034004648B6 /* Main.storyboard in Resources */,
			);
			runOnlyForDeploymentPostprocessing = 0;
		};
/* End PBXResourcesBuildPhase section */

/* Begin PBXShellScriptBuildPhase section */
		BDD381A14B4DDA2E60BC658C /* [CP] Check Pods Manifest.lock */ = {
			isa = PBXShellScriptBuildPhase;
			buildActionMask = 2147483647;
			files = (
			);
			inputFileListPaths = (
			);
			inputPaths = (
				"${PODS_PODFILE_DIR_PATH}/Podfile.lock",
				"${PODS_ROOT}/Manifest.lock",
			);
			name = "[CP] Check Pods Manifest.lock";
			outputFileListPaths = (
			);
			outputPaths = (
				"$(DERIVED_FILE_DIR)/Pods-Muleobolram-checkManifestLockResult.txt",
			);
			runOnlyForDeploymentPostprocessing = 0;
			shellPath = /bin/sh;
			shellScript = "diff \"${PODS_PODFILE_DIR_PATH}/Podfile.lock\" \"${PODS_ROOT}/Manifest.lock\" > /dev/null\nif [ $? != 0 ] ; then\n    # print error to STDERR\n    echo \"error: The sandbox is not in sync with the Podfile.lock. Run 'pod install' or update your CocoaPods installation.\" >&2\n    exit 1\nfi\n# This output is used by Xcode 'outputs' to avoid re-running this script phase.\necho \"SUCCESS\" > \"${SCRIPT_OUTPUT_FILE_0}\"\n";
			showEnvVarsInLog = 0;
		};
		E571A040A7548C6FB6F55374 /* [CP] Embed Pods Frameworks */ = {
			isa = PBXShellScriptBuildPhase;
			buildActionMask = 2147483647;
			files = (
			);
			inputFileListPaths = (
				"${PODS_ROOT}/Target Support Files/Pods-Muleobolram/Pods-Muleobolram-frameworks-${CONFIGURATION}-input-files.xcfilelist",
			);
			name = "[CP] Embed Pods Frameworks";
			outputFileListPaths = (
				"${PODS_ROOT}/Target Support Files/Pods-Muleobolram/Pods-Muleobolram-frameworks-${CONFIGURATION}-output-files.xcfilelist",
			);
			runOnlyForDeploymentPostprocessing = 0;
			shellPath = /bin/sh;
			shellScript = "\"${PODS_ROOT}/Target Support Files/Pods-Muleobolram/Pods-Muleobolram-frameworks.sh\"\n";
			showEnvVarsInLog = 0;
		};
/* End PBXShellScriptBuildPhase section */

/* Begin PBXSourcesBuildPhase section */
		38ABD1A226971034004648B6 /* Sources */ = {
			isa = PBXSourcesBuildPhase;
			buildActionMask = 2147483647;
			files = (
				3836302B269EF09400C17C01 /* ListAPI.swift in Sources */,
				387C09EA269FF6220061606D /* CommentListModel.swift in Sources */,
				387C09F526A2EEB70061606D /* CommunityList.swift in Sources */,
				38C7FC56269D9D8B002B8AE7 /* AddViewController.swift in Sources */,
				38363032269EFB7D00C17C01 /* SignInModel.swift in Sources */,
				38D1E22D2699F547004728A3 /* LoginViewController.swift in Sources */,
				38C7FC51269D9819002B8AE7 /* TableViewCell.swift in Sources */,
				387C09EC269FF6430061606D /* CommentResonse.swift in Sources */,
				3859AFEC269B245B00CB6A71 /* SignupViewController.swift in Sources */,
				38F218D026AAE87500D03DA4 /* CommunityResponse.swift in Sources */,
				38C7FC5C269D9FA6002B8AE7 /* APIProvider.swift in Sources */,
				38C7FC5A269D9F49002B8AE7 /* AuthAPI.swift in Sources */,
				380548E02697170D0051399A /* Header.swift in Sources */,
				380548E2269717330051399A /* httpClient.swift in Sources */,
				38F218CE26A846F200D03DA4 /* ViewControllerExtenstion.swift in Sources */,
				38ABD1AA26971034004648B6 /* AppDelegate.swift in Sources */,
				387C09F126A020960061606D /* CommentTableViewCell.swift in Sources */,
				38ABD1AC26971034004648B6 /* SceneDelegate.swift in Sources */,
				38C7FC5E269E7D1A002B8AE7 /* CommunityListViewController.swift in Sources */,
				38363029269EEEBA00C17C01 /* CommentAPI.swift in Sources */,
				38C7FC58269D9DA8002B8AE7 /* CommentViewController.swift in Sources */,
			);
			runOnlyForDeploymentPostprocessing = 0;
		};
/* End PBXSourcesBuildPhase section */

/* Begin PBXVariantGroup section */
		38ABD1AF26971034004648B6 /* Main.storyboard */ = {
			isa = PBXVariantGroup;
			children = (
				38ABD1B026971034004648B6 /* Base */,
			);
			name = Main.storyboard;
			sourceTree = "<group>";
		};
		38ABD1B426971037004648B6 /* LaunchScreen.storyboard */ = {
			isa = PBXVariantGroup;
			children = (
				38ABD1B526971037004648B6 /* Base */,
			);
			name = LaunchScreen.storyboard;
			sourceTree = "<group>";
		};
/* End PBXVariantGroup section */

/* Begin XCBuildConfiguration section */
		38ABD1B826971037004648B6 /* Debug */ = {
			isa = XCBuildConfiguration;
			buildSettings = {
				ALWAYS_SEARCH_USER_PATHS = NO;
				CLANG_ANALYZER_NONNULL = YES;
				CLANG_ANALYZER_NUMBER_OBJECT_CONVERSION = YES_AGGRESSIVE;
				CLANG_CXX_LANGUAGE_STANDARD = "gnu++14";
				CLANG_CXX_LIBRARY = "libc++";
				CLANG_ENABLE_MODULES = YES;
				CLANG_ENABLE_OBJC_ARC = YES;
				CLANG_ENABLE_OBJC_WEAK = YES;
				CLANG_WARN_BLOCK_CAPTURE_AUTORELEASING = YES;
				CLANG_WARN_BOOL_CONVERSION = YES;
				CLANG_WARN_COMMA = YES;
				CLANG_WARN_CONSTANT_CONVERSION = YES;
				CLANG_WARN_DEPRECATED_OBJC_IMPLEMENTATIONS = YES;
				CLANG_WARN_DIRECT_OBJC_ISA_USAGE = YES_ERROR;
				CLANG_WARN_DOCUMENTATION_COMMENTS = YES;
				CLANG_WARN_EMPTY_BODY = YES;
				CLANG_WARN_ENUM_CONVERSION = YES;
				CLANG_WARN_INFINITE_RECURSION = YES;
				CLANG_WARN_INT_CONVERSION = YES;
				CLANG_WARN_NON_LITERAL_NULL_CONVERSION = YES;
				CLANG_WARN_OBJC_IMPLICIT_RETAIN_SELF = YES;
				CLANG_WARN_OBJC_LITERAL_CONVERSION = YES;
				CLANG_WARN_OBJC_ROOT_CLASS = YES_ERROR;
				CLANG_WARN_QUOTED_INCLUDE_IN_FRAMEWORK_HEADER = YES;
				CLANG_WARN_RANGE_LOOP_ANALYSIS = YES;
				CLANG_WARN_STRICT_PROTOTYPES = YES;
				CLANG_WARN_SUSPICIOUS_MOVE = YES;
				CLANG_WARN_UNGUARDED_AVAILABILITY = YES_AGGRESSIVE;
				CLANG_WARN_UNREACHABLE_CODE = YES;
				CLANG_WARN__DUPLICATE_METHOD_MATCH = YES;
				COPY_PHASE_STRIP = NO;
				DEBUG_INFORMATION_FORMAT = dwarf;
				ENABLE_STRICT_OBJC_MSGSEND = YES;
				ENABLE_TESTABILITY = YES;
				GCC_C_LANGUAGE_STANDARD = gnu11;
				GCC_DYNAMIC_NO_PIC = NO;
				GCC_NO_COMMON_BLOCKS = YES;
				GCC_OPTIMIZATION_LEVEL = 0;
				GCC_PREPROCESSOR_DEFINITIONS = (
					"DEBUG=1",
					"$(inherited)",
				);
				GCC_WARN_64_TO_32_BIT_CONVERSION = YES;
				GCC_WARN_ABOUT_RETURN_TYPE = YES_ERROR;
				GCC_WARN_UNDECLARED_SELECTOR = YES;
				GCC_WARN_UNINITIALIZED_AUTOS = YES_AGGRESSIVE;
				GCC_WARN_UNUSED_FUNCTION = YES;
				GCC_WARN_UNUSED_VARIABLE = YES;
				IPHONEOS_DEPLOYMENT_TARGET = 14.5;
				MTL_ENABLE_DEBUG_INFO = INCLUDE_SOURCE;
				MTL_FAST_MATH = YES;
				ONLY_ACTIVE_ARCH = YES;
				SDKROOT = iphoneos;
				SWIFT_ACTIVE_COMPILATION_CONDITIONS = DEBUG;
				SWIFT_OPTIMIZATION_LEVEL = "-Onone";
			};
			name = Debug;
		};
		38ABD1B926971037004648B6 /* Release */ = {
			isa = XCBuildConfiguration;
			buildSettings = {
				ALWAYS_SEARCH_USER_PATHS = NO;
				CLANG_ANALYZER_NONNULL = YES;
				CLANG_ANALYZER_NUMBER_OBJECT_CONVERSION = YES_AGGRESSIVE;
				CLANG_CXX_LANGUAGE_STANDARD = "gnu++14";
				CLANG_CXX_LIBRARY = "libc++";
				CLANG_ENABLE_MODULES = YES;
				CLANG_ENABLE_OBJC_ARC = YES;
				CLANG_ENABLE_OBJC_WEAK = YES;
				CLANG_WARN_BLOCK_CAPTURE_AUTORELEASING = YES;
				CLANG_WARN_BOOL_CONVERSION = YES;
				CLANG_WARN_COMMA = YES;
				CLANG_WARN_CONSTANT_CONVERSION = YES;
				CLANG_WARN_DEPRECATED_OBJC_IMPLEMENTATIONS = YES;
				CLANG_WARN_DIRECT_OBJC_ISA_USAGE = YES_ERROR;
				CLANG_WARN_DOCUMENTATION_COMMENTS = YES;
				CLANG_WARN_EMPTY_BODY = YES;
				CLANG_WARN_ENUM_CONVERSION = YES;
				CLANG_WARN_INFINITE_RECURSION = YES;
				CLANG_WARN_INT_CONVERSION = YES;
				CLANG_WARN_NON_LITERAL_NULL_CONVERSION = YES;
				CLANG_WARN_OBJC_IMPLICIT_RETAIN_SELF = YES;
				CLANG_WARN_OBJC_LITERAL_CONVERSION = YES;
				CLANG_WARN_OBJC_ROOT_CLASS = YES_ERROR;
				CLANG_WARN_QUOTED_INCLUDE_IN_FRAMEWORK_HEADER = YES;
				CLANG_WARN_RANGE_LOOP_ANALYSIS = YES;
				CLANG_WARN_STRICT_PROTOTYPES = YES;
				CLANG_WARN_SUSPICIOUS_MOVE = YES;
				CLANG_WARN_UNGUARDED_AVAILABILITY = YES_AGGRESSIVE;
				CLANG_WARN_UNREACHABLE_CODE = YES;
				CLANG_WARN__DUPLICATE_METHOD_MATCH = YES;
				COPY_PHASE_STRIP = NO;
				DEBUG_INFORMATION_FORMAT = "dwarf-with-dsym";
				ENABLE_NS_ASSERTIONS = NO;
				ENABLE_STRICT_OBJC_MSGSEND = YES;
				GCC_C_LANGUAGE_STANDARD = gnu11;
				GCC_NO_COMMON_BLOCKS = YES;
				GCC_WARN_64_TO_32_BIT_CONVERSION = YES;
				GCC_WARN_ABOUT_RETURN_TYPE = YES_ERROR;
				GCC_WARN_UNDECLARED_SELECTOR = YES;
				GCC_WARN_UNINITIALIZED_AUTOS = YES_AGGRESSIVE;
				GCC_WARN_UNUSED_FUNCTION = YES;
				GCC_WARN_UNUSED_VARIABLE = YES;
				IPHONEOS_DEPLOYMENT_TARGET = 14.5;
				MTL_ENABLE_DEBUG_INFO = NO;
				MTL_FAST_MATH = YES;
				SDKROOT = iphoneos;
				SWIFT_COMPILATION_MODE = wholemodule;
				SWIFT_OPTIMIZATION_LEVEL = "-O";
				VALIDATE_PRODUCT = YES;
			};
			name = Release;
		};
		38ABD1BB26971037004648B6 /* Debug */ = {
			isa = XCBuildConfiguration;
			baseConfigurationReference = C6ABD951F5EAF37179635646 /* Pods-Muleobolram.debug.xcconfig */;
			buildSettings = {
				ASSETCATALOG_COMPILER_APPICON_NAME = AppIcon;
				ASSETCATALOG_COMPILER_GLOBAL_ACCENT_COLOR_NAME = AccentColor;
				CODE_SIGN_STYLE = Automatic;
				INFOPLIST_FILE = Muleobolram/Info.plist;
				LD_RUNPATH_SEARCH_PATHS = (
					"$(inherited)",
					"@executable_path/Frameworks",
				);
				PRODUCT_BUNDLE_IDENTIFIER = "com-KiYoung.Muleobolram";
				PRODUCT_NAME = "$(TARGET_NAME)";
				SWIFT_VERSION = 5.0;
				TARGETED_DEVICE_FAMILY = "1,2";
			};
			name = Debug;
		};
		38ABD1BC26971037004648B6 /* Release */ = {
			isa = XCBuildConfiguration;
			baseConfigurationReference = CF8F1A39A9D42D75A7BECF52 /* Pods-Muleobolram.release.xcconfig */;
			buildSettings = {
				ASSETCATALOG_COMPILER_APPICON_NAME = AppIcon;
				ASSETCATALOG_COMPILER_GLOBAL_ACCENT_COLOR_NAME = AccentColor;
				CODE_SIGN_STYLE = Automatic;
				INFOPLIST_FILE = Muleobolram/Info.plist;
				LD_RUNPATH_SEARCH_PATHS = (
					"$(inherited)",
					"@executable_path/Frameworks",
				);
				PRODUCT_BUNDLE_IDENTIFIER = "com-KiYoung.Muleobolram";
				PRODUCT_NAME = "$(TARGET_NAME)";
				SWIFT_VERSION = 5.0;
				TARGETED_DEVICE_FAMILY = "1,2";
			};
			name = Release;
		};
/* End XCBuildConfiguration section */

/* Begin XCConfigurationList section */
		38ABD1A126971034004648B6 /* Build configuration list for PBXProject "Muleobolram" */ = {
			isa = XCConfigurationList;
			buildConfigurations = (
				38ABD1B826971037004648B6 /* Debug */,
				38ABD1B926971037004648B6 /* Release */,
			);
			defaultConfigurationIsVisible = 0;
			defaultConfigurationName = Release;
		};
		38ABD1BA26971037004648B6 /* Build configuration list for PBXNativeTarget "Muleobolram" */ = {
			isa = XCConfigurationList;
			buildConfigurations = (
				38ABD1BB26971037004648B6 /* Debug */,
				38ABD1BC26971037004648B6 /* Release */,
			);
			defaultConfigurationIsVisible = 0;
			defaultConfigurationName = Release;
		};
/* End XCConfigurationList section */
	};
	rootObject = 38ABD19E26971034004648B6 /* Project object */;
}
